// !$*UTF8*$!
{
	archiveVersion = 1;
	classes = {
	};
	objectVersion = 56;
	objects = {

/* Begin PBXBuildFile section */
		020B66492B3BA37A00D7AC0A /* BooksApp.swift in Sources */ = {isa = PBXBuildFile; fileRef = 020B66482B3BA37A00D7AC0A /* BooksApp.swift */; };
		020B664B2B3BA37A00D7AC0A /* BookListView.swift in Sources */ = {isa = PBXBuildFile; fileRef = 020B664A2B3BA37A00D7AC0A /* BookListView.swift */; };
		020B664D2B3BA37B00D7AC0A /* Assets.xcassets in Resources */ = {isa = PBXBuildFile; fileRef = 020B664C2B3BA37B00D7AC0A /* Assets.xcassets */; };
		020B66502B3BA37B00D7AC0A /* Preview Assets.xcassets in Resources */ = {isa = PBXBuildFile; fileRef = 020B664F2B3BA37B00D7AC0A /* Preview Assets.xcassets */; };
		020B66572B3BB1A100D7AC0A /* Book.swift in Sources */ = {isa = PBXBuildFile; fileRef = 020B66562B3BB1A100D7AC0A /* Book.swift */; };
		0297507D2B3C787600DD0851 /* EditBookViewModel.swift in Sources */ = {isa = PBXBuildFile; fileRef = 0297507C2B3C787600DD0851 /* EditBookViewModel.swift */; };
		0297507F2B3C8C2A00DD0851 /* BookSamples.swift in Sources */ = {isa = PBXBuildFile; fileRef = 0297507E2B3C8C2A00DD0851 /* BookSamples.swift */; };
		029750812B3C8E9100DD0851 /* PreviewContainer.swift in Sources */ = {isa = PBXBuildFile; fileRef = 029750802B3C8E9100DD0851 /* PreviewContainer.swift */; };
		029750832B3CF55900DD0851 /* BookList.swift in Sources */ = {isa = PBXBuildFile; fileRef = 029750822B3CF55900DD0851 /* BookList.swift */; };
		02BDBEB92B3C257600A42FA0 /* NewBookView.swift in Sources */ = {isa = PBXBuildFile; fileRef = 02BDBEB82B3C257600A42FA0 /* NewBookView.swift */; };
		02BDBEBB2B3C3A7000A42FA0 /* EditBookView.swift in Sources */ = {isa = PBXBuildFile; fileRef = 02BDBEBA2B3C3A7000A42FA0 /* EditBookView.swift */; };
		02BDBEBD2B3C405900A42FA0 /* RatingView.swift in Sources */ = {isa = PBXBuildFile; fileRef = 02BDBEBC2B3C405900A42FA0 /* RatingView.swift */; };
/* End PBXBuildFile section */

/* Begin PBXFileReference section */
		020B66452B3BA37A00D7AC0A /* Books.app */ = {isa = PBXFileReference; explicitFileType = wrapper.application; includeInIndex = 0; path = Books.app; sourceTree = BUILT_PRODUCTS_DIR; };
		020B66482B3BA37A00D7AC0A /* BooksApp.swift */ = {isa = PBXFileReference; lastKnownFileType = sourcecode.swift; path = BooksApp.swift; sourceTree = "<group>"; };
		020B664A2B3BA37A00D7AC0A /* BookListView.swift */ = {isa = PBXFileReference; lastKnownFileType = sourcecode.swift; path = BookListView.swift; sourceTree = "<group>"; };
		020B664C2B3BA37B00D7AC0A /* Assets.xcassets */ = {isa = PBXFileReference; lastKnownFileType = folder.assetcatalog; path = Assets.xcassets; sourceTree = "<group>"; };
		020B664F2B3BA37B00D7AC0A /* Preview Assets.xcassets */ = {isa = PBXFileReference; lastKnownFileType = folder.assetcatalog; path = "Preview Assets.xcassets"; sourceTree = "<group>"; };
		020B66562B3BB1A100D7AC0A /* Book.swift */ = {isa = PBXFileReference; lastKnownFileType = sourcecode.swift; path = Book.swift; sourceTree = "<group>"; };
		0297507C2B3C787600DD0851 /* EditBookViewModel.swift */ = {isa = PBXFileReference; lastKnownFileType = sourcecode.swift; path = EditBookViewModel.swift; sourceTree = "<group>"; };
		0297507E2B3C8C2A00DD0851 /* BookSamples.swift */ = {isa = PBXFileReference; lastKnownFileType = sourcecode.swift; path = BookSamples.swift; sourceTree = "<group>"; };
		029750802B3C8E9100DD0851 /* PreviewContainer.swift */ = {isa = PBXFileReference; lastKnownFileType = sourcecode.swift; path = PreviewContainer.swift; sourceTree = "<group>"; };
		029750822B3CF55900DD0851 /* BookList.swift */ = {isa = PBXFileReference; lastKnownFileType = sourcecode.swift; path = BookList.swift; sourceTree = "<group>"; };
		02BDBEB72B3C206900A42FA0 /* README.md */ = {isa = PBXFileReference; lastKnownFileType = net.daringfireball.markdown; path = README.md; sourceTree = "<group>"; };
		02BDBEB82B3C257600A42FA0 /* NewBookView.swift */ = {isa = PBXFileReference; lastKnownFileType = sourcecode.swift; path = NewBookView.swift; sourceTree = "<group>"; };
		02BDBEBA2B3C3A7000A42FA0 /* EditBookView.swift */ = {isa = PBXFileReference; lastKnownFileType = sourcecode.swift; path = EditBookView.swift; sourceTree = "<group>"; };
		02BDBEBC2B3C405900A42FA0 /* RatingView.swift */ = {isa = PBXFileReference; lastKnownFileType = sourcecode.swift; path = RatingView.swift; sourceTree = "<group>"; };
/* End PBXFileReference section */

/* Begin PBXFrameworksBuildPhase section */
		020B66422B3BA37A00D7AC0A /* Frameworks */ = {
			isa = PBXFrameworksBuildPhase;
			buildActionMask = 2147483647;
			files = (
			);
			runOnlyForDeploymentPostprocessing = 0;
		};
/* End PBXFrameworksBuildPhase section */

/* Begin PBXGroup section */
		020B663C2B3BA37A00D7AC0A = {
			isa = PBXGroup;
			children = (
				02BDBEB72B3C206900A42FA0 /* README.md */,
				020B66472B3BA37A00D7AC0A /* Books */,
				020B66462B3BA37A00D7AC0A /* Products */,
			);
			sourceTree = "<group>";
		};
		020B66462B3BA37A00D7AC0A /* Products */ = {
			isa = PBXGroup;
			children = (
				020B66452B3BA37A00D7AC0A /* Books.app */,
			);
			name = Products;
			sourceTree = "<group>";
		};
		020B66472B3BA37A00D7AC0A /* Books */ = {
			isa = PBXGroup;
			children = (
				020B66482B3BA37A00D7AC0A /* BooksApp.swift */,
				020B66562B3BB1A100D7AC0A /* Book.swift */,
				020B664A2B3BA37A00D7AC0A /* BookListView.swift */,
				029750822B3CF55900DD0851 /* BookList.swift */,
				02BDBEB82B3C257600A42FA0 /* NewBookView.swift */,
				0297507B2B3C785C00DD0851 /* EditBook */,
				02BDBEBC2B3C405900A42FA0 /* RatingView.swift */,
				020B664C2B3BA37B00D7AC0A /* Assets.xcassets */,
				020B664E2B3BA37B00D7AC0A /* Preview Content */,
			);
			path = Books;
			sourceTree = "<group>";
		};
		020B664E2B3BA37B00D7AC0A /* Preview Content */ = {
			isa = PBXGroup;
			children = (
				020B664F2B3BA37B00D7AC0A /* Preview Assets.xcassets */,
				0297507E2B3C8C2A00DD0851 /* BookSamples.swift */,
				029750802B3C8E9100DD0851 /* PreviewContainer.swift */,
			);
			path = "Preview Content";
			sourceTree = "<group>";
		};
		0297507B2B3C785C00DD0851 /* EditBook */ = {
			isa = PBXGroup;
			children = (
				02BDBEBA2B3C3A7000A42FA0 /* EditBookView.swift */,
				0297507C2B3C787600DD0851 /* EditBookViewModel.swift */,
			);
			path = EditBook;
			sourceTree = "<group>";
		};
/* End PBXGroup section */

/* Begin PBXNativeTarget section */
		020B66442B3BA37A00D7AC0A /* Books */ = {
			isa = PBXNativeTarget;
			buildConfigurationList = 020B66532B3BA37B00D7AC0A /* Build configuration list for PBXNativeTarget "Books" */;
			buildPhases = (
				020B66412B3BA37A00D7AC0A /* Sources */,
				020B66422B3BA37A00D7AC0A /* Frameworks */,
				020B66432B3BA37A00D7AC0A /* Resources */,
			);
			buildRules = (
			);
			dependencies = (
			);
			name = Books;
			productName = Books;
			productReference = 020B66452B3BA37A00D7AC0A /* Books.app */;
			productType = "com.apple.product-type.application";
		};
/* End PBXNativeTarget section */

/* Begin PBXProject section */
		020B663D2B3BA37A00D7AC0A /* Project object */ = {
			isa = PBXProject;
			attributes = {
				BuildIndependentTargetsInParallel = 1;
				LastSwiftUpdateCheck = 1510;
				LastUpgradeCheck = 1510;
				TargetAttributes = {
					020B66442B3BA37A00D7AC0A = {
						CreatedOnToolsVersion = 15.1;
					};
				};
			};
			buildConfigurationList = 020B66402B3BA37A00D7AC0A /* Build configuration list for PBXProject "Books" */;
			compatibilityVersion = "Xcode 14.0";
			developmentRegion = en;
			hasScannedForEncodings = 0;
			knownRegions = (
				en,
				Base,
			);
			mainGroup = 020B663C2B3BA37A00D7AC0A;
			productRefGroup = 020B66462B3BA37A00D7AC0A /* Products */;
			projectDirPath = "";
			projectRoot = "";
			targets = (
				020B66442B3BA37A00D7AC0A /* Books */,
			);
		};
/* End PBXProject section */

/* Begin PBXResourcesBuildPhase section */
		020B66432B3BA37A00D7AC0A /* Resources */ = {
			isa = PBXResourcesBuildPhase;
			buildActionMask = 2147483647;
			files = (
				020B66502B3BA37B00D7AC0A /* Preview Assets.xcassets in Resources */,
				020B664D2B3BA37B00D7AC0A /* Assets.xcassets in Resources */,
			);
			runOnlyForDeploymentPostprocessing = 0;
		};
/* End PBXResourcesBuildPhase section */

/* Begin PBXSourcesBuildPhase section */
		020B66412B3BA37A00D7AC0A /* Sources */ = {
			isa = PBXSourcesBuildPhase;
			buildActionMask = 2147483647;
			files = (
				029750812B3C8E9100DD0851 /* PreviewContainer.swift in Sources */,
				020B664B2B3BA37A00D7AC0A /* BookListView.swift in Sources */,
				029750832B3CF55900DD0851 /* BookList.swift in Sources */,
				02BDBEBB2B3C3A7000A42FA0 /* EditBookView.swift in Sources */,
				020B66492B3BA37A00D7AC0A /* BooksApp.swift in Sources */,
				02BDBEBD2B3C405900A42FA0 /* RatingView.swift in Sources */,
				0297507F2B3C8C2A00DD0851 /* BookSamples.swift in Sources */,
				0297507D2B3C787600DD0851 /* EditBookViewModel.swift in Sources */,
				02BDBEB92B3C257600A42FA0 /* NewBookView.swift in Sources */,
				020B66572B3BB1A100D7AC0A /* Book.swift in Sources */,
			);
			runOnlyForDeploymentPostprocessing = 0;
		};
/* End PBXSourcesBuildPhase section */

/* Begin XCBuildConfiguration section */
		020B66512B3BA37B00D7AC0A /* Debug */ = {
			isa = XCBuildConfiguration;
			buildSettings = {
				ALWAYS_SEARCH_USER_PATHS = NO;
				ASSETCATALOG_COMPILER_GENERATE_SWIFT_ASSET_SYMBOL_EXTENSIONS = YES;
				CLANG_ANALYZER_NONNULL = YES;
				CLANG_ANALYZER_NUMBER_OBJECT_CONVERSION = YES_AGGRESSIVE;
				CLANG_CXX_LANGUAGE_STANDARD = "gnu++20";
				CLANG_ENABLE_MODULES = YES;
				CLANG_ENABLE_OBJC_ARC = YES;
				CLANG_ENABLE_OBJC_WEAK = YES;
				CLANG_WARN_BLOCK_CAPTURE_AUTORELEASING = YES;
				CLANG_WARN_BOOL_CONVERSION = YES;
				CLANG_WARN_COMMA = YES;
				CLANG_WARN_CONSTANT_CONVERSION = YES;
				CLANG_WARN_DEPRECATED_OBJC_IMPLEMENTATIONS = YES;
				CLANG_WARN_DIRECT_OBJC_ISA_USAGE = YES_ERROR;
				CLANG_WARN_DOCUMENTATION_COMMENTS = YES;
				CLANG_WARN_EMPTY_BODY = YES;
				CLANG_WARN_ENUM_CONVERSION = YES;
				CLANG_WARN_INFINITE_RECURSION = YES;
				CLANG_WARN_INT_CONVERSION = YES;
				CLANG_WARN_NON_LITERAL_NULL_CONVERSION = YES;
				CLANG_WARN_OBJC_IMPLICIT_RETAIN_SELF = YES;
				CLANG_WARN_OBJC_LITERAL_CONVERSION = YES;
				CLANG_WARN_OBJC_ROOT_CLASS = YES_ERROR;
				CLANG_WARN_QUOTED_INCLUDE_IN_FRAMEWORK_HEADER = YES;
				CLANG_WARN_RANGE_LOOP_ANALYSIS = YES;
				CLANG_WARN_STRICT_PROTOTYPES = YES;
				CLANG_WARN_SUSPICIOUS_MOVE = YES;
				CLANG_WARN_UNGUARDED_AVAILABILITY = YES_AGGRESSIVE;
				CLANG_WARN_UNREACHABLE_CODE = YES;
				CLANG_WARN__DUPLICATE_METHOD_MATCH = YES;
				COPY_PHASE_STRIP = NO;
				DEBUG_INFORMATION_FORMAT = dwarf;
				ENABLE_STRICT_OBJC_MSGSEND = YES;
				ENABLE_TESTABILITY = YES;
				ENABLE_USER_SCRIPT_SANDBOXING = YES;
				GCC_C_LANGUAGE_STANDARD = gnu17;
				GCC_DYNAMIC_NO_PIC = NO;
				GCC_NO_COMMON_BLOCKS = YES;
				GCC_OPTIMIZATION_LEVEL = 0;
				GCC_PREPROCESSOR_DEFINITIONS = (
					"DEBUG=1",
					"$(inherited)",
				);
				GCC_WARN_64_TO_32_BIT_CONVERSION = YES;
				GCC_WARN_ABOUT_RETURN_TYPE = YES_ERROR;
				GCC_WARN_UNDECLARED_SELECTOR = YES;
				GCC_WARN_UNINITIALIZED_AUTOS = YES_AGGRESSIVE;
				GCC_WARN_UNUSED_FUNCTION = YES;
				GCC_WARN_UNUSED_VARIABLE = YES;
				IPHONEOS_DEPLOYMENT_TARGET = 17.2;
				LOCALIZATION_PREFERS_STRING_CATALOGS = YES;
				MTL_ENABLE_DEBUG_INFO = INCLUDE_SOURCE;
				MTL_FAST_MATH = YES;
				ONLY_ACTIVE_ARCH = YES;
				SDKROOT = iphoneos;
				SWIFT_ACTIVE_COMPILATION_CONDITIONS = "DEBUG $(inherited)";
				SWIFT_OPTIMIZATION_LEVEL = "-Onone";
			};
			name = Debug;
		};
		020B66522B3BA37B00D7AC0A /* Release */ = {
			isa = XCBuildConfiguration;
			buildSettings = {
				ALWAYS_SEARCH_USER_PATHS = NO;
				ASSETCATALOG_COMPILER_GENERATE_SWIFT_ASSET_SYMBOL_EXTENSIONS = YES;
				CLANG_ANALYZER_NONNULL = YES;
				CLANG_ANALYZER_NUMBER_OBJECT_CONVERSION = YES_AGGRESSIVE;
				CLANG_CXX_LANGUAGE_STANDARD = "gnu++20";
				CLANG_ENABLE_MODULES = YES;
				CLANG_ENABLE_OBJC_ARC = YES;
				CLANG_ENABLE_OBJC_WEAK = YES;
				CLANG_WARN_BLOCK_CAPTURE_AUTORELEASING = YES;
				CLANG_WARN_BOOL_CONVERSION = YES;
				CLANG_WARN_COMMA = YES;
				CLANG_WARN_CONSTANT_CONVERSION = YES;
				CLANG_WARN_DEPRECATED_OBJC_IMPLEMENTATIONS = YES;
				CLANG_WARN_DIRECT_OBJC_ISA_USAGE = YES_ERROR;
				CLANG_WARN_DOCUMENTATION_COMMENTS = YES;
				CLANG_WARN_EMPTY_BODY = YES;
				CLANG_WARN_ENUM_CONVERSION = YES;
				CLANG_WARN_INFINITE_RECURSION = YES;
				CLANG_WARN_INT_CONVERSION = YES;
				CLANG_WARN_NON_LITERAL_NULL_CONVERSION = YES;
				CLANG_WARN_OBJC_IMPLICIT_RETAIN_SELF = YES;
				CLANG_WARN_OBJC_LITERAL_CONVERSION = YES;
				CLANG_WARN_OBJC_ROOT_CLASS = YES_ERROR;
				CLANG_WARN_QUOTED_INCLUDE_IN_FRAMEWORK_HEADER = YES;
				CLANG_WARN_RANGE_LOOP_ANALYSIS = YES;
				CLANG_WARN_STRICT_PROTOTYPES = YES;
				CLANG_WARN_SUSPICIOUS_MOVE = YES;
				CLANG_WARN_UNGUARDED_AVAILABILITY = YES_AGGRESSIVE;
				CLANG_WARN_UNREACHABLE_CODE = YES;
				CLANG_WARN__DUPLICATE_METHOD_MATCH = YES;
				COPY_PHASE_STRIP = NO;
				DEBUG_INFORMATION_FORMAT = "dwarf-with-dsym";
				ENABLE_NS_ASSERTIONS = NO;
				ENABLE_STRICT_OBJC_MSGSEND = YES;
				ENABLE_USER_SCRIPT_SANDBOXING = YES;
				GCC_C_LANGUAGE_STANDARD = gnu17;
				GCC_NO_COMMON_BLOCKS = YES;
				GCC_WARN_64_TO_32_BIT_CONVERSION = YES;
				GCC_WARN_ABOUT_RETURN_TYPE = YES_ERROR;
				GCC_WARN_UNDECLARED_SELECTOR = YES;
				GCC_WARN_UNINITIALIZED_AUTOS = YES_AGGRESSIVE;
				GCC_WARN_UNUSED_FUNCTION = YES;
				GCC_WARN_UNUSED_VARIABLE = YES;
				IPHONEOS_DEPLOYMENT_TARGET = 17.2;
				LOCALIZATION_PREFERS_STRING_CATALOGS = YES;
				MTL_ENABLE_DEBUG_INFO = NO;
				MTL_FAST_MATH = YES;
				SDKROOT = iphoneos;
				SWIFT_COMPILATION_MODE = wholemodule;
				VALIDATE_PRODUCT = YES;
			};
			name = Release;
		};
		020B66542B3BA37B00D7AC0A /* Debug */ = {
			isa = XCBuildConfiguration;
			buildSettings = {
				ASSETCATALOG_COMPILER_APPICON_NAME = AppIcon;
				ASSETCATALOG_COMPILER_GLOBAL_ACCENT_COLOR_NAME = AccentColor;
				CODE_SIGN_STYLE = Automatic;
				CURRENT_PROJECT_VERSION = 1;
				DEVELOPMENT_ASSET_PATHS = "\"Books/Preview Content\"";
				DEVELOPMENT_TEAM = 723HTEFHBA;
				ENABLE_PREVIEWS = YES;
				GENERATE_INFOPLIST_FILE = YES;
				INFOPLIST_KEY_UIApplicationSceneManifest_Generation = YES;
				INFOPLIST_KEY_UIApplicationSupportsIndirectInputEvents = YES;
				INFOPLIST_KEY_UILaunchScreen_Generation = YES;
				INFOPLIST_KEY_UISupportedInterfaceOrientations_iPad = "UIInterfaceOrientationPortrait UIInterfaceOrientationPortraitUpsideDown UIInterfaceOrientationLandscapeLeft UIInterfaceOrientationLandscapeRight";
				INFOPLIST_KEY_UISupportedInterfaceOrientations_iPhone = "UIInterfaceOrientationPortrait UIInterfaceOrientationLandscapeLeft UIInterfaceOrientationLandscapeRight";
				LD_RUNPATH_SEARCH_PATHS = (
					"$(inherited)",
					"@executable_path/Frameworks",
				);
				MARKETING_VERSION = 1.0;
				PRODUCT_BUNDLE_IDENTIFIER = ru.fibeapp.Books;
				PRODUCT_NAME = "$(TARGET_NAME)";
				SWIFT_EMIT_LOC_STRINGS = YES;
				SWIFT_VERSION = 5.0;
				TARGETED_DEVICE_FAMILY = "1,2";
			};
			name = Debug;
		};
		020B66552B3BA37B00D7AC0A /* Release */ = {
			isa = XCBuildConfiguration;
			buildSettings = {
				ASSETCATALOG_COMPILER_APPICON_NAME = AppIcon;
				ASSETCATALOG_COMPILER_GLOBAL_ACCENT_COLOR_NAME = AccentColor;
				CODE_SIGN_STYLE = Automatic;
				CURRENT_PROJECT_VERSION = 1;
				DEVELOPMENT_ASSET_PATHS = "\"Books/Preview Content\"";
				DEVELOPMENT_TEAM = 723HTEFHBA;
				ENABLE_PREVIEWS = YES;
				GENERATE_INFOPLIST_FILE = YES;
				INFOPLIST_KEY_UIApplicationSceneManifest_Generation = YES;
				INFOPLIST_KEY_UIApplicationSupportsIndirectInputEvents = YES;
				INFOPLIST_KEY_UILaunchScreen_Generation = YES;
				INFOPLIST_KEY_UISupportedInterfaceOrientations_iPad = "UIInterfaceOrientationPortrait UIInterfaceOrientationPortraitUpsideDown UIInterfaceOrientationLandscapeLeft UIInterfaceOrientationLandscapeRight";
				INFOPLIST_KEY_UISupportedInterfaceOrientations_iPhone = "UIInterfaceOrientationPortrait UIInterfaceOrientationLandscapeLeft UIInterfaceOrientationLandscapeRight";
				LD_RUNPATH_SEARCH_PATHS = (
					"$(inherited)",
					"@executable_path/Frameworks",
				);
				MARKETING_VERSION = 1.0;
				PRODUCT_BUNDLE_IDENTIFIER = ru.fibeapp.Books;
				PRODUCT_NAME = "$(TARGET_NAME)";
				SWIFT_EMIT_LOC_STRINGS = YES;
				SWIFT_VERSION = 5.0;
				TARGETED_DEVICE_FAMILY = "1,2";
			};
			name = Release;
		};
/* End XCBuildConfiguration section */

/* Begin XCConfigurationList section */
		020B66402B3BA37A00D7AC0A /* Build configuration list for PBXProject "Books" */ = {
			isa = XCConfigurationList;
			buildConfigurations = (
				020B66512B3BA37B00D7AC0A /* Debug */,
				020B66522B3BA37B00D7AC0A /* Release */,
			);
			defaultConfigurationIsVisible = 0;
			defaultConfigurationName = Release;
		};
		020B66532B3BA37B00D7AC0A /* Build configuration list for PBXNativeTarget "Books" */ = {
			isa = XCConfigurationList;
			buildConfigurations = (
				020B66542B3BA37B00D7AC0A /* Debug */,
				020B66552B3BA37B00D7AC0A /* Release */,
			);
			defaultConfigurationIsVisible = 0;
			defaultConfigurationName = Release;
		};
/* End XCConfigurationList section */
	};
	rootObject = 020B663D2B3BA37A00D7AC0A /* Project object */;
}
